
Microsoft Visual Studio Solution File, Format Version 12.00
# Visual Studio Version 17
VisualStudioVersion = 17.3.32819.101
MinimumVisualStudioVersion = 10.0.40219.1
Project("{2150E333-8FDC-42A3-9474-1A3956D46DE8}") = "src", "src", "{475D6B78-D26B-4D86-BFBC-C10F309A63F7}"
EndProject
Project("{2150E333-8FDC-42A3-9474-1A3956D46DE8}") = "Services", "Services", "{3E7C5389-C6CB-4018-AAEE-1BCC6ABB841B}"
EndProject
Project("{2150E333-8FDC-42A3-9474-1A3956D46DE8}") = "Streaming", "Streaming", "{4AFC6BCA-08AE-456E-AD39-63B205CF3706}"
EndProject
Project("{2150E333-8FDC-42A3-9474-1A3956D46DE8}") = "Submissions", "Submissions", "{E181BC2B-CD62-4A22-A940-F9876D3256E3}"
EndProject
Project("{2150E333-8FDC-42A3-9474-1A3956D46DE8}") = "Common", "Common", "{1B585F4A-BF80-4477-AEB9-D9370430F8CD}"
EndProject
Project("{2150E333-8FDC-42A3-9474-1A3956D46DE8}") = "Core", "Core", "{7AF230A0-9580-4303-9986-6C87A6DD0F05}"
EndProject
Project("{2150E333-8FDC-42A3-9474-1A3956D46DE8}") = "External", "External", "{05DA30E3-C82B-4C11-A59C-8B05913E6B7F}"
EndProject
Project("{FAE04EC0-301F-11D3-BF4B-00C04F79EFBC}") = "Common.Application", "Common.Application\Common.Application.csproj", "{108E0786-DFAD-4486-8C02-2005CBDF192A}"
EndProject
Project("{FAE04EC0-301F-11D3-BF4B-00C04F79EFBC}") = "Common.Infrastructure", "Common.Infrastructure\Common.Infrastructure.csproj", "{DB0204B7-CA84-4E5B-A789-484B21C563AF}"
EndProject
Project("{FAE04EC0-301F-11D3-BF4B-00C04F79EFBC}") = "Common.Domain", "Common.Domain\Common.Domain.csproj", "{B9C55F59-19B1-4A61-A641-41E7DC1E9FE8}"
EndProject
Project("{2150E333-8FDC-42A3-9474-1A3956D46DE8}") = "Core", "Core", "{02EA681E-C7D8-13C7-8484-4AC65E1B71E8}"
EndProject
Project("{2150E333-8FDC-42A3-9474-1A3956D46DE8}") = "External", "External", "{C341F95A-D58E-4764-8141-8832458D7073}"
EndProject
Project("{FAE04EC0-301F-11D3-BF4B-00C04F79EFBC}") = "Streaming.Application", "Streaming.Application\Streaming.Application.csproj", "{E29CAFB3-2F3A-4516-ABD9-B2985BC3D5F4}"
EndProject
Project("{FAE04EC0-301F-11D3-BF4B-00C04F79EFBC}") = "Streaming.Presentation", "Streaming.Presentation\Streaming.Presentation.csproj", "{F2C9732D-325E-451B-BFA9-A5F8E3192CFC}"
EndProject
Project("{2150E333-8FDC-42A3-9474-1A3956D46DE8}") = "Core", "Core", "{AFA19B56-0415-49B5-98FF-1FD17B1F028D}"
EndProject
Project("{2150E333-8FDC-42A3-9474-1A3956D46DE8}") = "External", "External", "{FD10D42B-F5FA-4014-8577-F1E6D48506FF}"
EndProject
Project("{FAE04EC0-301F-11D3-BF4B-00C04F79EFBC}") = "SubmissionsDomain", "SubmissionsDomain\SubmissionsDomain.csproj", "{09C18EA7-9931-470E-9891-CB333629BE3E}"
EndProject
Project("{FAE04EC0-301F-11D3-BF4B-00C04F79EFBC}") = "Submissions.Application", "Submissions.Application\Submissions.Application.csproj", "{0472FFE9-350D-4699-8CBF-D37396D25D44}"
EndProject
Project("{FAE04EC0-301F-11D3-BF4B-00C04F79EFBC}") = "Submissions.Infrastructure", "Submissions.Infrastructure\Submissions.Infrastructure.csproj", "{7FB6EA38-DCA5-42FE-96D7-AEA49C77508A}"
EndProject
Project("{FAE04EC0-301F-11D3-BF4B-00C04F79EFBC}") = "Submissions.Presentation", "Submissions.Presentation\Submissions.Presentation.csproj", "{32A7B6A4-E7B3-4DD8-88CE-EB3BB00AA2DE}"
EndProject
Global
	GlobalSection(SolutionConfigurationPlatforms) = preSolution
		Debug|Any CPU = Debug|Any CPU
		Release|Any CPU = Release|Any CPU
	EndGlobalSection
	GlobalSection(ProjectConfigurationPlatforms) = postSolution
		{108E0786-DFAD-4486-8C02-2005CBDF192A}.Debug|Any CPU.ActiveCfg = Debug|Any CPU
		{108E0786-DFAD-4486-8C02-2005CBDF192A}.Debug|Any CPU.Build.0 = Debug|Any CPU
		{108E0786-DFAD-4486-8C02-2005CBDF192A}.Release|Any CPU.ActiveCfg = Release|Any CPU
		{108E0786-DFAD-4486-8C02-2005CBDF192A}.Release|Any CPU.Build.0 = Release|Any CPU
		{DB0204B7-CA84-4E5B-A789-484B21C563AF}.Debug|Any CPU.ActiveCfg = Debug|Any CPU
		{DB0204B7-CA84-4E5B-A789-484B21C563AF}.Debug|Any CPU.Build.0 = Debug|Any CPU
		{DB0204B7-CA84-4E5B-A789-484B21C563AF}.Release|Any CPU.ActiveCfg = Release|Any CPU
		{DB0204B7-CA84-4E5B-A789-484B21C563AF}.Release|Any CPU.Build.0 = Release|Any CPU
		{B9C55F59-19B1-4A61-A641-41E7DC1E9FE8}.Debug|Any CPU.ActiveCfg = Debug|Any CPU
		{B9C55F59-19B1-4A61-A641-41E7DC1E9FE8}.Debug|Any CPU.Build.0 = Debug|Any CPU
		{B9C55F59-19B1-4A61-A641-41E7DC1E9FE8}.Release|Any CPU.ActiveCfg = Release|Any CPU
		{B9C55F59-19B1-4A61-A641-41E7DC1E9FE8}.Release|Any CPU.Build.0 = Release|Any CPU
		{E29CAFB3-2F3A-4516-ABD9-B2985BC3D5F4}.Debug|Any CPU.ActiveCfg = Debug|Any CPU
		{E29CAFB3-2F3A-4516-ABD9-B2985BC3D5F4}.Debug|Any CPU.Build.0 = Debug|Any CPU
		{E29CAFB3-2F3A-4516-ABD9-B2985BC3D5F4}.Release|Any CPU.ActiveCfg = Release|Any CPU
		{E29CAFB3-2F3A-4516-ABD9-B2985BC3D5F4}.Release|Any CPU.Build.0 = Release|Any CPU
		{F2C9732D-325E-451B-BFA9-A5F8E3192CFC}.Debug|Any CPU.ActiveCfg = Debug|Any CPU
		{F2C9732D-325E-451B-BFA9-A5F8E3192CFC}.Debug|Any CPU.Build.0 = Debug|Any CPU
		{F2C9732D-325E-451B-BFA9-A5F8E3192CFC}.Release|Any CPU.ActiveCfg = Release|Any CPU
		{F2C9732D-325E-451B-BFA9-A5F8E3192CFC}.Release|Any CPU.Build.0 = Release|Any CPU
		{09C18EA7-9931-470E-9891-CB333629BE3E}.Debug|Any CPU.ActiveCfg = Debug|Any CPU
		{09C18EA7-9931-470E-9891-CB333629BE3E}.Debug|Any CPU.Build.0 = Debug|Any CPU
		{09C18EA7-9931-470E-9891-CB333629BE3E}.Release|Any CPU.ActiveCfg = Release|Any CPU
		{09C18EA7-9931-470E-9891-CB333629BE3E}.Release|Any CPU.Build.0 = Release|Any CPU
		{0472FFE9-350D-4699-8CBF-D37396D25D44}.Debug|Any CPU.ActiveCfg = Debug|Any CPU
		{0472FFE9-350D-4699-8CBF-D37396D25D44}.Debug|Any CPU.Build.0 = Debug|Any CPU
		{0472FFE9-350D-4699-8CBF-D37396D25D44}.Release|Any CPU.ActiveCfg = Release|Any CPU
		{0472FFE9-350D-4699-8CBF-D37396D25D44}.Release|Any CPU.Build.0 = Release|Any CPU
		{7FB6EA38-DCA5-42FE-96D7-AEA49C77508A}.Debug|Any CPU.ActiveCfg = Debug|Any CPU
		{7FB6EA38-DCA5-42FE-96D7-AEA49C77508A}.Debug|Any CPU.Build.0 = Debug|Any CPU
		{7FB6EA38-DCA5-42FE-96D7-AEA49C77508A}.Release|Any CPU.ActiveCfg = Release|Any CPU
		{7FB6EA38-DCA5-42FE-96D7-AEA49C77508A}.Release|Any CPU.Build.0 = Release|Any CPU
		{32A7B6A4-E7B3-4DD8-88CE-EB3BB00AA2DE}.Debug|Any CPU.ActiveCfg = Debug|Any CPU
		{32A7B6A4-E7B3-4DD8-88CE-EB3BB00AA2DE}.Debug|Any CPU.Build.0 = Debug|Any CPU
		{32A7B6A4-E7B3-4DD8-88CE-EB3BB00AA2DE}.Release|Any CPU.ActiveCfg = Release|Any CPU
		{32A7B6A4-E7B3-4DD8-88CE-EB3BB00AA2DE}.Release|Any CPU.Build.0 = Release|Any CPU
	EndGlobalSection
	GlobalSection(SolutionProperties) = preSolution
		HideSolutionNode = FALSE
	EndGlobalSection
	GlobalSection(NestedProjects) = preSolution
		{3E7C5389-C6CB-4018-AAEE-1BCC6ABB841B} = {475D6B78-D26B-4D86-BFBC-C10F309A63F7}
		{4AFC6BCA-08AE-456E-AD39-63B205CF3706} = {3E7C5389-C6CB-4018-AAEE-1BCC6ABB841B}
		{E181BC2B-CD62-4A22-A940-F9876D3256E3} = {3E7C5389-C6CB-4018-AAEE-1BCC6ABB841B}
		{1B585F4A-BF80-4477-AEB9-D9370430F8CD} = {3E7C5389-C6CB-4018-AAEE-1BCC6ABB841B}
		{7AF230A0-9580-4303-9986-6C87A6DD0F05} = {1B585F4A-BF80-4477-AEB9-D9370430F8CD}
		{05DA30E3-C82B-4C11-A59C-8B05913E6B7F} = {1B585F4A-BF80-4477-AEB9-D9370430F8CD}
		{108E0786-DFAD-4486-8C02-2005CBDF192A} = {7AF230A0-9580-4303-9986-6C87A6DD0F05}
		{DB0204B7-CA84-4E5B-A789-484B21C563AF} = {05DA30E3-C82B-4C11-A59C-8B05913E6B7F}
		{B9C55F59-19B1-4A61-A641-41E7DC1E9FE8} = {7AF230A0-9580-4303-9986-6C87A6DD0F05}
		{02EA681E-C7D8-13C7-8484-4AC65E1B71E8} = {4AFC6BCA-08AE-456E-AD39-63B205CF3706}
		{C341F95A-D58E-4764-8141-8832458D7073} = {4AFC6BCA-08AE-456E-AD39-63B205CF3706}
		{E29CAFB3-2F3A-4516-ABD9-B2985BC3D5F4} = {02EA681E-C7D8-13C7-8484-4AC65E1B71E8}
		{F2C9732D-325E-451B-BFA9-A5F8E3192CFC} = {C341F95A-D58E-4764-8141-8832458D7073}
		{AFA19B56-0415-49B5-98FF-1FD17B1F028D} = {E181BC2B-CD62-4A22-A940-F9876D3256E3}
		{FD10D42B-F5FA-4014-8577-F1E6D48506FF} = {E181BC2B-CD62-4A22-A940-F9876D3256E3}
		{09C18EA7-9931-470E-9891-CB333629BE3E} = {AFA19B56-0415-49B5-98FF-1FD17B1F028D}
		{0472FFE9-350D-4699-8CBF-D37396D25D44} = {AFA19B56-0415-49B5-98FF-1FD17B1F028D}
		{7FB6EA38-DCA5-42FE-96D7-AEA49C77508A} = {FD10D42B-F5FA-4014-8577-F1E6D48506FF}
		{32A7B6A4-E7B3-4DD8-88CE-EB3BB00AA2DE} = {FD10D42B-F5FA-4014-8577-F1E6D48506FF}
	EndGlobalSection
	GlobalSection(ExtensibilityGlobals) = postSolution
		SolutionGuid = {FA9326DF-ACFD-4C60-B661-5F0BBB3C337B}
	EndGlobalSection
EndGlobal
