
Microsoft Visual Studio Solution File, Format Version 12.00
# Visual Studio Version 17
VisualStudioVersion = 17.3.32819.101
MinimumVisualStudioVersion = 10.0.40219.1
Project("{2150E333-8FDC-42A3-9474-1A3956D46DE8}") = "Services", "Services", "{02EA681E-C7D8-13C7-8484-4AC65E1B71E8}"
EndProject
Project("{2150E333-8FDC-42A3-9474-1A3956D46DE8}") = "Common", "Common", "{2350B252-32C9-4B84-A1B5-88B268622011}"
EndProject
Project("{2150E333-8FDC-42A3-9474-1A3956D46DE8}") = "Core", "Core", "{E6007AFE-363D-438D-BEAA-FE76794A213B}"
EndProject
Project("{FAE04EC0-301F-11D3-BF4B-00C04F79EFBC}") = "WristbandRadio.FileServer.Common.Domain", "Services\Common\src\Core\WristbandRadio.FileServer.Common.Domain\WristbandRadio.FileServer.Common.Domain.csproj", "{0DB883E9-387D-4FEB-833B-243819300B66}"
EndProject
Project("{FAE04EC0-301F-11D3-BF4B-00C04F79EFBC}") = "WristbandRadio.FileServer.Common.Application", "Services\Common\src\Core\WristbandRadio.FileServer.Common.Application\WristbandRadio.FileServer.Common.Application.csproj", "{D5F2D457-A9A7-457D-987F-5EA1BE66B3CD}"
EndProject
Project("{2150E333-8FDC-42A3-9474-1A3956D46DE8}") = "External", "External", "{6A83E78D-3E99-4FEB-8381-217B51FBF90D}"
EndProject
Project("{FAE04EC0-301F-11D3-BF4B-00C04F79EFBC}") = "WristbandRadio.FileServer.Common.Infrastructure", "Services\Common\src\External\WristbandRadio.FileServer.Common.Infrastructure\WristbandRadio.FileServer.Common.Infrastructure.csproj", "{EDE9F003-90FB-4116-BE45-57306AC579CF}"
EndProject
Project("{2150E333-8FDC-42A3-9474-1A3956D46DE8}") = "Streaming", "Streaming", "{AD2AA498-03C2-4DAC-B6FC-A4C77FF787FA}"
EndProject
Project("{2150E333-8FDC-42A3-9474-1A3956D46DE8}") = "Submissions", "Submissions", "{80C38BF9-99BD-4332-A559-F91A3501981B}"
EndProject
Project("{2150E333-8FDC-42A3-9474-1A3956D46DE8}") = "Core", "Core", "{EF0A6613-BA70-432E-838D-72A6F2B78371}"
EndProject
Project("{2150E333-8FDC-42A3-9474-1A3956D46DE8}") = "External", "External", "{9E468A99-762F-47B4-BA5C-DBABC723EBCF}"
EndProject
Project("{2150E333-8FDC-42A3-9474-1A3956D46DE8}") = "Core", "Core", "{D98C3F6E-F363-47DF-8EE7-00718D93686C}"
EndProject
Project("{2150E333-8FDC-42A3-9474-1A3956D46DE8}") = "External", "External", "{858E0E1F-A153-4A8A-975A-5682F038F1A4}"
EndProject
Project("{FAE04EC0-301F-11D3-BF4B-00C04F79EFBC}") = "WristbandRadio.FileServer.Streaming.Application", "Services\Streaming\src\Core\WristbandRadio.FileServer.Streaming.Application\WristbandRadio.FileServer.Streaming.Application.csproj", "{5108BA73-F79A-458B-85B4-F4D30082EE60}"
EndProject
Project("{FAE04EC0-301F-11D3-BF4B-00C04F79EFBC}") = "WristbandRadio.FileServer.Streaming.Presentation", "Services\Streaming\src\External\WristbandRadio.FileServer.Streaming.Presentation\WristbandRadio.FileServer.Streaming.Presentation.csproj", "{CEBC1BC1-ECD7-4D91-8EE3-11750797BC99}"
EndProject
Project("{FAE04EC0-301F-11D3-BF4B-00C04F79EFBC}") = "WristbandRadio.FileServer.Submissions.Application", "Services\Submissions\src\Core\WristbandRadio.FileServer.Submissions.Application\WristbandRadio.FileServer.Submissions.Application.csproj", "{18E880CA-3F81-4958-990F-7C142739A4B5}"
EndProject
Project("{FAE04EC0-301F-11D3-BF4B-00C04F79EFBC}") = "WristbandRadio.FileServer.Submissions.Domain", "Services\Submissions\src\Core\WristbandRadio.FileServer.Submissions.Domain\WristbandRadio.FileServer.Submissions.Domain.csproj", "{B679080B-45F5-4A15-8DFA-E8CDAB72EB20}"
EndProject
Project("{FAE04EC0-301F-11D3-BF4B-00C04F79EFBC}") = "WristbandRadio.FileServer.Submissions.Infrastructure", "Services\Submissions\src\External\WristbandRadio.FileServer.Submissions.Infrastructure\WristbandRadio.FileServer.Submissions.Infrastructure.csproj", "{B44D11EB-3DDC-4011-A958-4C307CCABAA1}"
EndProject
Project("{FAE04EC0-301F-11D3-BF4B-00C04F79EFBC}") = "WristbandRadio.FileServer.Submissions.Presentation", "Services\Submissions\src\External\WristbandRadio.FileServer.Submissions.Presentation\WristbandRadio.FileServer.Submissions.Presentation.csproj", "{1DF273C3-08E2-43F9-8B42-F672C7336A7D}"
EndProject
Project("{2150E333-8FDC-42A3-9474-1A3956D46DE8}") = "src", "src", "{92AD3305-77D5-4266-8B76-D7249021A6F5}"
EndProject
Project("{2150E333-8FDC-42A3-9474-1A3956D46DE8}") = "src", "src", "{772F5E01-68BC-49F0-B992-DD0146C3F410}"
EndProject
Project("{2150E333-8FDC-42A3-9474-1A3956D46DE8}") = "src", "src", "{3BFE4F0D-A0EE-4881-8EAE-3856AAAFE5EE}"
EndProject
Project("{2150E333-8FDC-42A3-9474-1A3956D46DE8}") = "Database", "Database", "{0311C9D0-FE9E-43B3-BEC5-4547FF489E44}"
EndProject
Project("{FAE04EC0-301F-11D3-BF4B-00C04F79EFBC}") = "WristbandRadio.FileServer.PostgresDatabase", "PostgresDatabase\WristbandRadio.FileServer.PostgresDatabase.csproj", "{E102191F-71D6-4C0E-9542-031C9EF34356}"
EndProject
Global
	GlobalSection(SolutionConfigurationPlatforms) = preSolution
		Debug|Any CPU = Debug|Any CPU
		Release|Any CPU = Release|Any CPU
	EndGlobalSection
	GlobalSection(ProjectConfigurationPlatforms) = postSolution
		{0DB883E9-387D-4FEB-833B-243819300B66}.Debug|Any CPU.ActiveCfg = Debug|Any CPU
		{0DB883E9-387D-4FEB-833B-243819300B66}.Debug|Any CPU.Build.0 = Debug|Any CPU
		{0DB883E9-387D-4FEB-833B-243819300B66}.Release|Any CPU.ActiveCfg = Release|Any CPU
		{0DB883E9-387D-4FEB-833B-243819300B66}.Release|Any CPU.Build.0 = Release|Any CPU
		{D5F2D457-A9A7-457D-987F-5EA1BE66B3CD}.Debug|Any CPU.ActiveCfg = Debug|Any CPU
		{D5F2D457-A9A7-457D-987F-5EA1BE66B3CD}.Debug|Any CPU.Build.0 = Debug|Any CPU
		{D5F2D457-A9A7-457D-987F-5EA1BE66B3CD}.Release|Any CPU.ActiveCfg = Release|Any CPU
		{D5F2D457-A9A7-457D-987F-5EA1BE66B3CD}.Release|Any CPU.Build.0 = Release|Any CPU
		{EDE9F003-90FB-4116-BE45-57306AC579CF}.Debug|Any CPU.ActiveCfg = Debug|Any CPU
		{EDE9F003-90FB-4116-BE45-57306AC579CF}.Debug|Any CPU.Build.0 = Debug|Any CPU
		{EDE9F003-90FB-4116-BE45-57306AC579CF}.Release|Any CPU.ActiveCfg = Release|Any CPU
		{EDE9F003-90FB-4116-BE45-57306AC579CF}.Release|Any CPU.Build.0 = Release|Any CPU
		{5108BA73-F79A-458B-85B4-F4D30082EE60}.Debug|Any CPU.ActiveCfg = Debug|Any CPU
		{5108BA73-F79A-458B-85B4-F4D30082EE60}.Debug|Any CPU.Build.0 = Debug|Any CPU
		{5108BA73-F79A-458B-85B4-F4D30082EE60}.Release|Any CPU.ActiveCfg = Release|Any CPU
		{5108BA73-F79A-458B-85B4-F4D30082EE60}.Release|Any CPU.Build.0 = Release|Any CPU
		{CEBC1BC1-ECD7-4D91-8EE3-11750797BC99}.Debug|Any CPU.ActiveCfg = Debug|Any CPU
		{CEBC1BC1-ECD7-4D91-8EE3-11750797BC99}.Debug|Any CPU.Build.0 = Debug|Any CPU
		{CEBC1BC1-ECD7-4D91-8EE3-11750797BC99}.Release|Any CPU.ActiveCfg = Release|Any CPU
		{CEBC1BC1-ECD7-4D91-8EE3-11750797BC99}.Release|Any CPU.Build.0 = Release|Any CPU
		{18E880CA-3F81-4958-990F-7C142739A4B5}.Debug|Any CPU.ActiveCfg = Debug|Any CPU
		{18E880CA-3F81-4958-990F-7C142739A4B5}.Debug|Any CPU.Build.0 = Debug|Any CPU
		{18E880CA-3F81-4958-990F-7C142739A4B5}.Release|Any CPU.ActiveCfg = Release|Any CPU
		{18E880CA-3F81-4958-990F-7C142739A4B5}.Release|Any CPU.Build.0 = Release|Any CPU
		{B679080B-45F5-4A15-8DFA-E8CDAB72EB20}.Debug|Any CPU.ActiveCfg = Debug|Any CPU
		{B679080B-45F5-4A15-8DFA-E8CDAB72EB20}.Debug|Any CPU.Build.0 = Debug|Any CPU
		{B679080B-45F5-4A15-8DFA-E8CDAB72EB20}.Release|Any CPU.ActiveCfg = Release|Any CPU
		{B679080B-45F5-4A15-8DFA-E8CDAB72EB20}.Release|Any CPU.Build.0 = Release|Any CPU
		{B44D11EB-3DDC-4011-A958-4C307CCABAA1}.Debug|Any CPU.ActiveCfg = Debug|Any CPU
		{B44D11EB-3DDC-4011-A958-4C307CCABAA1}.Debug|Any CPU.Build.0 = Debug|Any CPU
		{B44D11EB-3DDC-4011-A958-4C307CCABAA1}.Release|Any CPU.ActiveCfg = Release|Any CPU
		{B44D11EB-3DDC-4011-A958-4C307CCABAA1}.Release|Any CPU.Build.0 = Release|Any CPU
		{1DF273C3-08E2-43F9-8B42-F672C7336A7D}.Debug|Any CPU.ActiveCfg = Debug|Any CPU
		{1DF273C3-08E2-43F9-8B42-F672C7336A7D}.Debug|Any CPU.Build.0 = Debug|Any CPU
		{1DF273C3-08E2-43F9-8B42-F672C7336A7D}.Release|Any CPU.ActiveCfg = Release|Any CPU
		{1DF273C3-08E2-43F9-8B42-F672C7336A7D}.Release|Any CPU.Build.0 = Release|Any CPU
		{E102191F-71D6-4C0E-9542-031C9EF34356}.Debug|Any CPU.ActiveCfg = Debug|Any CPU
		{E102191F-71D6-4C0E-9542-031C9EF34356}.Debug|Any CPU.Build.0 = Debug|Any CPU
		{E102191F-71D6-4C0E-9542-031C9EF34356}.Release|Any CPU.ActiveCfg = Release|Any CPU
		{E102191F-71D6-4C0E-9542-031C9EF34356}.Release|Any CPU.Build.0 = Release|Any CPU
	EndGlobalSection
	GlobalSection(SolutionProperties) = preSolution
		HideSolutionNode = FALSE
	EndGlobalSection
	GlobalSection(NestedProjects) = preSolution
		{2350B252-32C9-4B84-A1B5-88B268622011} = {02EA681E-C7D8-13C7-8484-4AC65E1B71E8}
		{E6007AFE-363D-438D-BEAA-FE76794A213B} = {92AD3305-77D5-4266-8B76-D7249021A6F5}
		{0DB883E9-387D-4FEB-833B-243819300B66} = {E6007AFE-363D-438D-BEAA-FE76794A213B}
		{D5F2D457-A9A7-457D-987F-5EA1BE66B3CD} = {E6007AFE-363D-438D-BEAA-FE76794A213B}
		{6A83E78D-3E99-4FEB-8381-217B51FBF90D} = {92AD3305-77D5-4266-8B76-D7249021A6F5}
		{EDE9F003-90FB-4116-BE45-57306AC579CF} = {6A83E78D-3E99-4FEB-8381-217B51FBF90D}
		{AD2AA498-03C2-4DAC-B6FC-A4C77FF787FA} = {02EA681E-C7D8-13C7-8484-4AC65E1B71E8}
		{80C38BF9-99BD-4332-A559-F91A3501981B} = {02EA681E-C7D8-13C7-8484-4AC65E1B71E8}
		{EF0A6613-BA70-432E-838D-72A6F2B78371} = {772F5E01-68BC-49F0-B992-DD0146C3F410}
		{9E468A99-762F-47B4-BA5C-DBABC723EBCF} = {772F5E01-68BC-49F0-B992-DD0146C3F410}
		{D98C3F6E-F363-47DF-8EE7-00718D93686C} = {3BFE4F0D-A0EE-4881-8EAE-3856AAAFE5EE}
		{858E0E1F-A153-4A8A-975A-5682F038F1A4} = {3BFE4F0D-A0EE-4881-8EAE-3856AAAFE5EE}
		{5108BA73-F79A-458B-85B4-F4D30082EE60} = {EF0A6613-BA70-432E-838D-72A6F2B78371}
		{CEBC1BC1-ECD7-4D91-8EE3-11750797BC99} = {9E468A99-762F-47B4-BA5C-DBABC723EBCF}
		{18E880CA-3F81-4958-990F-7C142739A4B5} = {D98C3F6E-F363-47DF-8EE7-00718D93686C}
		{B679080B-45F5-4A15-8DFA-E8CDAB72EB20} = {D98C3F6E-F363-47DF-8EE7-00718D93686C}
		{B44D11EB-3DDC-4011-A958-4C307CCABAA1} = {858E0E1F-A153-4A8A-975A-5682F038F1A4}
		{1DF273C3-08E2-43F9-8B42-F672C7336A7D} = {858E0E1F-A153-4A8A-975A-5682F038F1A4}
		{92AD3305-77D5-4266-8B76-D7249021A6F5} = {2350B252-32C9-4B84-A1B5-88B268622011}
		{772F5E01-68BC-49F0-B992-DD0146C3F410} = {AD2AA498-03C2-4DAC-B6FC-A4C77FF787FA}
		{3BFE4F0D-A0EE-4881-8EAE-3856AAAFE5EE} = {80C38BF9-99BD-4332-A559-F91A3501981B}
		{E102191F-71D6-4C0E-9542-031C9EF34356} = {0311C9D0-FE9E-43B3-BEC5-4547FF489E44}
	EndGlobalSection
	GlobalSection(ExtensibilityGlobals) = postSolution
		SolutionGuid = {FA9326DF-ACFD-4C60-B661-5F0BBB3C337B}
	EndGlobalSection
EndGlobal
